
Microsoft Visual Studio Solution File, Format Version 12.00
# Visual Studio Version 17
VisualStudioVersion = 17.7.34003.232
MinimumVisualStudioVersion = 10.0.40219.1
Project("{FAE04EC0-301F-11D3-BF4B-00C04F79EFBC}") = "ConvertidorLab", "ConvertidorLab\ConvertidorLab.csproj", "{D5EAB7C6-C547-48D5-918A-1D91A944DD0F}"
EndProject
Global
	GlobalSection(SolutionConfigurationPlatforms) = preSolution
		Debug|Any CPU = Debug|Any CPU
		Release|Any CPU = Release|Any CPU
	EndGlobalSection
	GlobalSection(ProjectConfigurationPlatforms) = postSolution
		{D5EAB7C6-C547-48D5-918A-1D91A944DD0F}.Debug|Any CPU.ActiveCfg = Debug|Any CPU
		{D5EAB7C6-C547-48D5-918A-1D91A944DD0F}.Debug|Any CPU.Build.0 = Debug|Any CPU
		{D5EAB7C6-C547-48D5-918A-1D91A944DD0F}.Release|Any CPU.ActiveCfg = Release|Any CPU
		{D5EAB7C6-C547-48D5-918A-1D91A944DD0F}.Release|Any CPU.Build.0 = Release|Any CPU
	EndGlobalSection
	GlobalSection(SolutionProperties) = preSolution
		HideSolutionNode = FALSE
	EndGlobalSection
	GlobalSection(ExtensibilityGlobals) = postSolution
		SolutionGuid = {3F466DFB-3765-4318-9FAE-537CA338C62A}
	EndGlobalSection
EndGlobal
